
Microsoft Visual Studio Solution File, Format Version 12.00
# Visual Studio Version 16
VisualStudioVersion = 16.0.29613.14
MinimumVisualStudioVersion = 10.0.40219.1
Project("{FAE04EC0-301F-11D3-BF4B-00C04F79EFBC}") = "MyTournament.UI", "MyTournament.UI\MyTournament.UI.csproj", "{408300B9-954C-40C6-87CD-17C9EEC3B9DC}"
EndProject
Project("{FAE04EC0-301F-11D3-BF4B-00C04F79EFBC}") = "MyTournament.BLL", "MyTournament.BLL\MyTournament.BLL.csproj", "{8D82F804-D68C-4DDA-BB01-02A513A50017}"
EndProject
Project("{FAE04EC0-301F-11D3-BF4B-00C04F79EFBC}") = "MyTournament.DAL", "MyTournament.DAL\MyTournament.DAL.csproj", "{0BE82B07-60D9-4A22-8CC8-50C7B3467168}"
EndProject
Project("{FAE04EC0-301F-11D3-BF4B-00C04F79EFBC}") = "Tournament.Web.API", "Tournament.Web.API\Tournament.Web.API.csproj", "{1CFBB4C7-87E1-42A1-89E0-5FF93AD07414}"
EndProject
Project("{FAE04EC0-301F-11D3-BF4B-00C04F79EFBC}") = "Tournament.Web.API3", "Tournament.Web.API3\Tournament.Web.API3.csproj", "{CFBD542D-1795-41F4-B7B1-513612E4AD99}"
EndProject
Global
	GlobalSection(SolutionConfigurationPlatforms) = preSolution
		Debug|Any CPU = Debug|Any CPU
		Release|Any CPU = Release|Any CPU
	EndGlobalSection
	GlobalSection(ProjectConfigurationPlatforms) = postSolution
		{408300B9-954C-40C6-87CD-17C9EEC3B9DC}.Debug|Any CPU.ActiveCfg = Debug|Any CPU
		{408300B9-954C-40C6-87CD-17C9EEC3B9DC}.Debug|Any CPU.Build.0 = Debug|Any CPU
		{408300B9-954C-40C6-87CD-17C9EEC3B9DC}.Release|Any CPU.ActiveCfg = Release|Any CPU
		{408300B9-954C-40C6-87CD-17C9EEC3B9DC}.Release|Any CPU.Build.0 = Release|Any CPU
		{8D82F804-D68C-4DDA-BB01-02A513A50017}.Debug|Any CPU.ActiveCfg = Debug|Any CPU
		{8D82F804-D68C-4DDA-BB01-02A513A50017}.Debug|Any CPU.Build.0 = Debug|Any CPU
		{8D82F804-D68C-4DDA-BB01-02A513A50017}.Release|Any CPU.ActiveCfg = Release|Any CPU
		{8D82F804-D68C-4DDA-BB01-02A513A50017}.Release|Any CPU.Build.0 = Release|Any CPU
		{0BE82B07-60D9-4A22-8CC8-50C7B3467168}.Debug|Any CPU.ActiveCfg = Debug|Any CPU
		{0BE82B07-60D9-4A22-8CC8-50C7B3467168}.Debug|Any CPU.Build.0 = Debug|Any CPU
		{0BE82B07-60D9-4A22-8CC8-50C7B3467168}.Release|Any CPU.ActiveCfg = Release|Any CPU
		{0BE82B07-60D9-4A22-8CC8-50C7B3467168}.Release|Any CPU.Build.0 = Release|Any CPU
		{1CFBB4C7-87E1-42A1-89E0-5FF93AD07414}.Debug|Any CPU.ActiveCfg = Debug|Any CPU
		{1CFBB4C7-87E1-42A1-89E0-5FF93AD07414}.Debug|Any CPU.Build.0 = Debug|Any CPU
		{1CFBB4C7-87E1-42A1-89E0-5FF93AD07414}.Release|Any CPU.ActiveCfg = Release|Any CPU
		{1CFBB4C7-87E1-42A1-89E0-5FF93AD07414}.Release|Any CPU.Build.0 = Release|Any CPU
		{CFBD542D-1795-41F4-B7B1-513612E4AD99}.Debug|Any CPU.ActiveCfg = Debug|Any CPU
		{CFBD542D-1795-41F4-B7B1-513612E4AD99}.Debug|Any CPU.Build.0 = Debug|Any CPU
		{CFBD542D-1795-41F4-B7B1-513612E4AD99}.Release|Any CPU.ActiveCfg = Release|Any CPU
		{CFBD542D-1795-41F4-B7B1-513612E4AD99}.Release|Any CPU.Build.0 = Release|Any CPU
	EndGlobalSection
	GlobalSection(SolutionProperties) = preSolution
		HideSolutionNode = FALSE
	EndGlobalSection
	GlobalSection(ExtensibilityGlobals) = postSolution
		SolutionGuid = {3A08D7E0-D0AA-414B-BC75-53DB754E20BE}
	EndGlobalSection
EndGlobal
